// !$*UTF8*$!
{
	archiveVersion = 1;
	classes = {
	};
	objectVersion = 56;
	objects = {

/* Begin PBXBuildFile section */
		78522EEE2A0ADC5B006809B4 /* OffseasonApp.swift in Sources */ = {isa = PBXBuildFile; fileRef = 78522EED2A0ADC5B006809B4 /* OffseasonApp.swift */; };
		78522EF02A0ADC5B006809B4 /* ContentView.swift in Sources */ = {isa = PBXBuildFile; fileRef = 78522EEF2A0ADC5B006809B4 /* ContentView.swift */; };
		78522EF22A0ADC5D006809B4 /* Assets.xcassets in Resources */ = {isa = PBXBuildFile; fileRef = 78522EF12A0ADC5D006809B4 /* Assets.xcassets */; };
		78522EF52A0ADC5D006809B4 /* Preview Assets.xcassets in Resources */ = {isa = PBXBuildFile; fileRef = 78522EF42A0ADC5D006809B4 /* Preview Assets.xcassets */; };
		78522EFF2A0ADC5D006809B4 /* OffseasonTests.swift in Sources */ = {isa = PBXBuildFile; fileRef = 78522EFE2A0ADC5D006809B4 /* OffseasonTests.swift */; };
		78522F092A0ADC5D006809B4 /* OffseasonUITests.swift in Sources */ = {isa = PBXBuildFile; fileRef = 78522F082A0ADC5D006809B4 /* OffseasonUITests.swift */; };
		78522F0B2A0ADC5D006809B4 /* OffseasonUITestsLaunchTests.swift in Sources */ = {isa = PBXBuildFile; fileRef = 78522F0A2A0ADC5D006809B4 /* OffseasonUITestsLaunchTests.swift */; };
/* End PBXBuildFile section */

/* Begin PBXContainerItemProxy section */
		78522EFB2A0ADC5D006809B4 /* PBXContainerItemProxy */ = {
			isa = PBXContainerItemProxy;
			containerPortal = 78522EE22A0ADC5B006809B4 /* Project object */;
			proxyType = 1;
			remoteGlobalIDString = 78522EE92A0ADC5B006809B4;
			remoteInfo = Offseason;
		};
		78522F052A0ADC5D006809B4 /* PBXContainerItemProxy */ = {
			isa = PBXContainerItemProxy;
			containerPortal = 78522EE22A0ADC5B006809B4 /* Project object */;
			proxyType = 1;
			remoteGlobalIDString = 78522EE92A0ADC5B006809B4;
			remoteInfo = Offseason;
		};
/* End PBXContainerItemProxy section */

/* Begin PBXFileReference section */
		78522EEA2A0ADC5B006809B4 /* Offseason.app */ = {isa = PBXFileReference; explicitFileType = wrapper.application; includeInIndex = 0; path = Offseason.app; sourceTree = BUILT_PRODUCTS_DIR; };
		78522EED2A0ADC5B006809B4 /* OffseasonApp.swift */ = {isa = PBXFileReference; lastKnownFileType = sourcecode.swift; path = OffseasonApp.swift; sourceTree = "<group>"; };
		78522EEF2A0ADC5B006809B4 /* ContentView.swift */ = {isa = PBXFileReference; lastKnownFileType = sourcecode.swift; path = ContentView.swift; sourceTree = "<group>"; };
		78522EF12A0ADC5D006809B4 /* Assets.xcassets */ = {isa = PBXFileReference; lastKnownFileType = folder.assetcatalog; path = Assets.xcassets; sourceTree = "<group>"; };
		78522EF42A0ADC5D006809B4 /* Preview Assets.xcassets */ = {isa = PBXFileReference; lastKnownFileType = folder.assetcatalog; path = "Preview Assets.xcassets"; sourceTree = "<group>"; };
		78522EFA2A0ADC5D006809B4 /* OffseasonTests.xctest */ = {isa = PBXFileReference; explicitFileType = wrapper.cfbundle; includeInIndex = 0; path = OffseasonTests.xctest; sourceTree = BUILT_PRODUCTS_DIR; };
		78522EFE2A0ADC5D006809B4 /* OffseasonTests.swift */ = {isa = PBXFileReference; lastKnownFileType = sourcecode.swift; path = OffseasonTests.swift; sourceTree = "<group>"; };
		78522F042A0ADC5D006809B4 /* OffseasonUITests.xctest */ = {isa = PBXFileReference; explicitFileType = wrapper.cfbundle; includeInIndex = 0; path = OffseasonUITests.xctest; sourceTree = BUILT_PRODUCTS_DIR; };
		78522F082A0ADC5D006809B4 /* OffseasonUITests.swift */ = {isa = PBXFileReference; lastKnownFileType = sourcecode.swift; path = OffseasonUITests.swift; sourceTree = "<group>"; };
		78522F0A2A0ADC5D006809B4 /* OffseasonUITestsLaunchTests.swift */ = {isa = PBXFileReference; lastKnownFileType = sourcecode.swift; path = OffseasonUITestsLaunchTests.swift; sourceTree = "<group>"; };
/* End PBXFileReference section */

/* Begin PBXFrameworksBuildPhase section */
		78522EE72A0ADC5B006809B4 /* Frameworks */ = {
			isa = PBXFrameworksBuildPhase;
			buildActionMask = 2147483647;
			files = (
			);
			runOnlyForDeploymentPostprocessing = 0;
		};
		78522EF72A0ADC5D006809B4 /* Frameworks */ = {
			isa = PBXFrameworksBuildPhase;
			buildActionMask = 2147483647;
			files = (
			);
			runOnlyForDeploymentPostprocessing = 0;
		};
		78522F012A0ADC5D006809B4 /* Frameworks */ = {
			isa = PBXFrameworksBuildPhase;
			buildActionMask = 2147483647;
			files = (
			);
			runOnlyForDeploymentPostprocessing = 0;
		};
/* End PBXFrameworksBuildPhase section */

/* Begin PBXGroup section */
		78522EE12A0ADC5B006809B4 = {
			isa = PBXGroup;
			children = (
				78522EEC2A0ADC5B006809B4 /* Offseason */,
				78522EFD2A0ADC5D006809B4 /* OffseasonTests */,
				78522F072A0ADC5D006809B4 /* OffseasonUITests */,
				78522EEB2A0ADC5B006809B4 /* Products */,
			);
			sourceTree = "<group>";
		};
		78522EEB2A0ADC5B006809B4 /* Products */ = {
			isa = PBXGroup;
			children = (
				78522EEA2A0ADC5B006809B4 /* Offseason.app */,
				78522EFA2A0ADC5D006809B4 /* OffseasonTests.xctest */,
				78522F042A0ADC5D006809B4 /* OffseasonUITests.xctest */,
			);
			name = Products;
			sourceTree = "<group>";
		};
		78522EEC2A0ADC5B006809B4 /* Offseason */ = {
			isa = PBXGroup;
			children = (
				78522EED2A0ADC5B006809B4 /* OffseasonApp.swift */,
				78522EEF2A0ADC5B006809B4 /* ContentView.swift */,
				78522EF12A0ADC5D006809B4 /* Assets.xcassets */,
				78522EF32A0ADC5D006809B4 /* Preview Content */,
			);
			path = Offseason;
			sourceTree = "<group>";
		};
		78522EF32A0ADC5D006809B4 /* Preview Content */ = {
			isa = PBXGroup;
			children = (
				78522EF42A0ADC5D006809B4 /* Preview Assets.xcassets */,
			);
			path = "Preview Content";
			sourceTree = "<group>";
		};
		78522EFD2A0ADC5D006809B4 /* OffseasonTests */ = {
			isa = PBXGroup;
			children = (
				78522EFE2A0ADC5D006809B4 /* OffseasonTests.swift */,
			);
			path = OffseasonTests;
			sourceTree = "<group>";
		};
		78522F072A0ADC5D006809B4 /* OffseasonUITests */ = {
			isa = PBXGroup;
			children = (
				78522F082A0ADC5D006809B4 /* OffseasonUITests.swift */,
				78522F0A2A0ADC5D006809B4 /* OffseasonUITestsLaunchTests.swift */,
			);
			path = OffseasonUITests;
			sourceTree = "<group>";
		};
/* End PBXGroup section */

/* Begin PBXNativeTarget section */
		78522EE92A0ADC5B006809B4 /* Offseason */ = {
			isa = PBXNativeTarget;
			buildConfigurationList = 78522F0E2A0ADC5D006809B4 /* Build configuration list for PBXNativeTarget "Offseason" */;
			buildPhases = (
				78522EE62A0ADC5B006809B4 /* Sources */,
				78522EE72A0ADC5B006809B4 /* Frameworks */,
				78522EE82A0ADC5B006809B4 /* Resources */,
			);
			buildRules = (
			);
			dependencies = (
			);
			name = Offseason;
			productName = Offseason;
			productReference = 78522EEA2A0ADC5B006809B4 /* Offseason.app */;
			productType = "com.apple.product-type.application";
		};
		78522EF92A0ADC5D006809B4 /* OffseasonTests */ = {
			isa = PBXNativeTarget;
			buildConfigurationList = 78522F112A0ADC5D006809B4 /* Build configuration list for PBXNativeTarget "OffseasonTests" */;
			buildPhases = (
				78522EF62A0ADC5D006809B4 /* Sources */,
				78522EF72A0ADC5D006809B4 /* Frameworks */,
				78522EF82A0ADC5D006809B4 /* Resources */,
			);
			buildRules = (
			);
			dependencies = (
				78522EFC2A0ADC5D006809B4 /* PBXTargetDependency */,
			);
			name = OffseasonTests;
			productName = OffseasonTests;
			productReference = 78522EFA2A0ADC5D006809B4 /* OffseasonTests.xctest */;
			productType = "com.apple.product-type.bundle.unit-test";
		};
		78522F032A0ADC5D006809B4 /* OffseasonUITests */ = {
			isa = PBXNativeTarget;
			buildConfigurationList = 78522F142A0ADC5D006809B4 /* Build configuration list for PBXNativeTarget "OffseasonUITests" */;
			buildPhases = (
				78522F002A0ADC5D006809B4 /* Sources */,
				78522F012A0ADC5D006809B4 /* Frameworks */,
				78522F022A0ADC5D006809B4 /* Resources */,
			);
			buildRules = (
			);
			dependencies = (
				78522F062A0ADC5D006809B4 /* PBXTargetDependency */,
			);
			name = OffseasonUITests;
			productName = OffseasonUITests;
			productReference = 78522F042A0ADC5D006809B4 /* OffseasonUITests.xctest */;
			productType = "com.apple.product-type.bundle.ui-testing";
		};
/* End PBXNativeTarget section */

/* Begin PBXProject section */
		78522EE22A0ADC5B006809B4 /* Project object */ = {
			isa = PBXProject;
			attributes = {
				BuildIndependentTargetsInParallel = 1;
				LastSwiftUpdateCheck = 1430;
				LastUpgradeCheck = 1430;
				TargetAttributes = {
					78522EE92A0ADC5B006809B4 = {
						CreatedOnToolsVersion = 14.3;
					};
					78522EF92A0ADC5D006809B4 = {
						CreatedOnToolsVersion = 14.3;
						TestTargetID = 78522EE92A0ADC5B006809B4;
					};
					78522F032A0ADC5D006809B4 = {
						CreatedOnToolsVersion = 14.3;
						TestTargetID = 78522EE92A0ADC5B006809B4;
					};
				};
			};
			buildConfigurationList = 78522EE52A0ADC5B006809B4 /* Build configuration list for PBXProject "Offseason" */;
			compatibilityVersion = "Xcode 14.0";
			developmentRegion = en;
			hasScannedForEncodings = 0;
			knownRegions = (
				en,
				Base,
			);
			mainGroup = 78522EE12A0ADC5B006809B4;
			productRefGroup = 78522EEB2A0ADC5B006809B4 /* Products */;
			projectDirPath = "";
			projectRoot = "";
			targets = (
				78522EE92A0ADC5B006809B4 /* Offseason */,
				78522EF92A0ADC5D006809B4 /* OffseasonTests */,
				78522F032A0ADC5D006809B4 /* OffseasonUITests */,
			);
		};
/* End PBXProject section */

/* Begin PBXResourcesBuildPhase section */
		78522EE82A0ADC5B006809B4 /* Resources */ = {
			isa = PBXResourcesBuildPhase;
			buildActionMask = 2147483647;
			files = (
				78522EF52A0ADC5D006809B4 /* Preview Assets.xcassets in Resources */,
				78522EF22A0ADC5D006809B4 /* Assets.xcassets in Resources */,
			);
			runOnlyForDeploymentPostprocessing = 0;
		};
		78522EF82A0ADC5D006809B4 /* Resources */ = {
			isa = PBXResourcesBuildPhase;
			buildActionMask = 2147483647;
			files = (
			);
			runOnlyForDeploymentPostprocessing = 0;
		};
		78522F022A0ADC5D006809B4 /* Resources */ = {
			isa = PBXResourcesBuildPhase;
			buildActionMask = 2147483647;
			files = (
			);
			runOnlyForDeploymentPostprocessing = 0;
		};
/* End PBXResourcesBuildPhase section */

/* Begin PBXSourcesBuildPhase section */
		78522EE62A0ADC5B006809B4 /* Sources */ = {
			isa = PBXSourcesBuildPhase;
			buildActionMask = 2147483647;
			files = (
				78522EF02A0ADC5B006809B4 /* ContentView.swift in Sources */,
				78522EEE2A0ADC5B006809B4 /* OffseasonApp.swift in Sources */,
			);
			runOnlyForDeploymentPostprocessing = 0;
		};
		78522EF62A0ADC5D006809B4 /* Sources */ = {
			isa = PBXSourcesBuildPhase;
			buildActionMask = 2147483647;
			files = (
				78522EFF2A0ADC5D006809B4 /* OffseasonTests.swift in Sources */,
			);
			runOnlyForDeploymentPostprocessing = 0;
		};
		78522F002A0ADC5D006809B4 /* Sources */ = {
			isa = PBXSourcesBuildPhase;
			buildActionMask = 2147483647;
			files = (
				78522F092A0ADC5D006809B4 /* OffseasonUITests.swift in Sources */,
				78522F0B2A0ADC5D006809B4 /* OffseasonUITestsLaunchTests.swift in Sources */,
			);
			runOnlyForDeploymentPostprocessing = 0;
		};
/* End PBXSourcesBuildPhase section */

/* Begin PBXTargetDependency section */
		78522EFC2A0ADC5D006809B4 /* PBXTargetDependency */ = {
			isa = PBXTargetDependency;
			target = 78522EE92A0ADC5B006809B4 /* Offseason */;
			targetProxy = 78522EFB2A0ADC5D006809B4 /* PBXContainerItemProxy */;
		};
		78522F062A0ADC5D006809B4 /* PBXTargetDependency */ = {
			isa = PBXTargetDependency;
			target = 78522EE92A0ADC5B006809B4 /* Offseason */;
			targetProxy = 78522F052A0ADC5D006809B4 /* PBXContainerItemProxy */;
		};
/* End PBXTargetDependency section */

/* Begin XCBuildConfiguration section */
		78522F0C2A0ADC5D006809B4 /* Debug */ = {
			isa = XCBuildConfiguration;
			buildSettings = {
				ALWAYS_SEARCH_USER_PATHS = NO;
				CLANG_ANALYZER_NONNULL = YES;
				CLANG_ANALYZER_NUMBER_OBJECT_CONVERSION = YES_AGGRESSIVE;
				CLANG_CXX_LANGUAGE_STANDARD = "gnu++20";
				CLANG_ENABLE_MODULES = YES;
				CLANG_ENABLE_OBJC_ARC = YES;
				CLANG_ENABLE_OBJC_WEAK = YES;
				CLANG_WARN_BLOCK_CAPTURE_AUTORELEASING = YES;
				CLANG_WARN_BOOL_CONVERSION = YES;
				CLANG_WARN_COMMA = YES;
				CLANG_WARN_CONSTANT_CONVERSION = YES;
				CLANG_WARN_DEPRECATED_OBJC_IMPLEMENTATIONS = YES;
				CLANG_WARN_DIRECT_OBJC_ISA_USAGE = YES_ERROR;
				CLANG_WARN_DOCUMENTATION_COMMENTS = YES;
				CLANG_WARN_EMPTY_BODY = YES;
				CLANG_WARN_ENUM_CONVERSION = YES;
				CLANG_WARN_INFINITE_RECURSION = YES;
				CLANG_WARN_INT_CONVERSION = YES;
				CLANG_WARN_NON_LITERAL_NULL_CONVERSION = YES;
				CLANG_WARN_OBJC_IMPLICIT_RETAIN_SELF = YES;
				CLANG_WARN_OBJC_LITERAL_CONVERSION = YES;
				CLANG_WARN_OBJC_ROOT_CLASS = YES_ERROR;
				CLANG_WARN_QUOTED_INCLUDE_IN_FRAMEWORK_HEADER = YES;
				CLANG_WARN_RANGE_LOOP_ANALYSIS = YES;
				CLANG_WARN_STRICT_PROTOTYPES = YES;
				CLANG_WARN_SUSPICIOUS_MOVE = YES;
				CLANG_WARN_UNGUARDED_AVAILABILITY = YES_AGGRESSIVE;
				CLANG_WARN_UNREACHABLE_CODE = YES;
				CLANG_WARN__DUPLICATE_METHOD_MATCH = YES;
				COPY_PHASE_STRIP = NO;
				DEBUG_INFORMATION_FORMAT = dwarf;
				ENABLE_STRICT_OBJC_MSGSEND = YES;
				ENABLE_TESTABILITY = YES;
				GCC_C_LANGUAGE_STANDARD = gnu11;
				GCC_DYNAMIC_NO_PIC = NO;
				GCC_NO_COMMON_BLOCKS = YES;
				GCC_OPTIMIZATION_LEVEL = 0;
				GCC_PREPROCESSOR_DEFINITIONS = (
					"DEBUG=1",
					"$(inherited)",
				);
				GCC_WARN_64_TO_32_BIT_CONVERSION = YES;
				GCC_WARN_ABOUT_RETURN_TYPE = YES_ERROR;
				GCC_WARN_UNDECLARED_SELECTOR = YES;
				GCC_WARN_UNINITIALIZED_AUTOS = YES_AGGRESSIVE;
				GCC_WARN_UNUSED_FUNCTION = YES;
				GCC_WARN_UNUSED_VARIABLE = YES;
				IPHONEOS_DEPLOYMENT_TARGET = 16.4;
				MTL_ENABLE_DEBUG_INFO = INCLUDE_SOURCE;
				MTL_FAST_MATH = YES;
				ONLY_ACTIVE_ARCH = YES;
				SDKROOT = iphoneos;
				SWIFT_ACTIVE_COMPILATION_CONDITIONS = DEBUG;
				SWIFT_OPTIMIZATION_LEVEL = "-Onone";
			};
			name = Debug;
		};
		78522F0D2A0ADC5D006809B4 /* Release */ = {
			isa = XCBuildConfiguration;
			buildSettings = {
				ALWAYS_SEARCH_USER_PATHS = NO;
				CLANG_ANALYZER_NONNULL = YES;
				CLANG_ANALYZER_NUMBER_OBJECT_CONVERSION = YES_AGGRESSIVE;
				CLANG_CXX_LANGUAGE_STANDARD = "gnu++20";
				CLANG_ENABLE_MODULES = YES;
				CLANG_ENABLE_OBJC_ARC = YES;
				CLANG_ENABLE_OBJC_WEAK = YES;
				CLANG_WARN_BLOCK_CAPTURE_AUTORELEASING = YES;
				CLANG_WARN_BOOL_CONVERSION = YES;
				CLANG_WARN_COMMA = YES;
				CLANG_WARN_CONSTANT_CONVERSION = YES;
				CLANG_WARN_DEPRECATED_OBJC_IMPLEMENTATIONS = YES;
				CLANG_WARN_DIRECT_OBJC_ISA_USAGE = YES_ERROR;
				CLANG_WARN_DOCUMENTATION_COMMENTS = YES;
				CLANG_WARN_EMPTY_BODY = YES;
				CLANG_WARN_ENUM_CONVERSION = YES;
				CLANG_WARN_INFINITE_RECURSION = YES;
				CLANG_WARN_INT_CONVERSION = YES;
				CLANG_WARN_NON_LITERAL_NULL_CONVERSION = YES;
				CLANG_WARN_OBJC_IMPLICIT_RETAIN_SELF = YES;
				CLANG_WARN_OBJC_LITERAL_CONVERSION = YES;
				CLANG_WARN_OBJC_ROOT_CLASS = YES_ERROR;
				CLANG_WARN_QUOTED_INCLUDE_IN_FRAMEWORK_HEADER = YES;
				CLANG_WARN_RANGE_LOOP_ANALYSIS = YES;
				CLANG_WARN_STRICT_PROTOTYPES = YES;
				CLANG_WARN_SUSPICIOUS_MOVE = YES;
				CLANG_WARN_UNGUARDED_AVAILABILITY = YES_AGGRESSIVE;
				CLANG_WARN_UNREACHABLE_CODE = YES;
				CLANG_WARN__DUPLICATE_METHOD_MATCH = YES;
				COPY_PHASE_STRIP = NO;
				DEBUG_INFORMATION_FORMAT = "dwarf-with-dsym";
				ENABLE_NS_ASSERTIONS = NO;
				ENABLE_STRICT_OBJC_MSGSEND = YES;
				GCC_C_LANGUAGE_STANDARD = gnu11;
				GCC_NO_COMMON_BLOCKS = YES;
				GCC_WARN_64_TO_32_BIT_CONVERSION = YES;
				GCC_WARN_ABOUT_RETURN_TYPE = YES_ERROR;
				GCC_WARN_UNDECLARED_SELECTOR = YES;
				GCC_WARN_UNINITIALIZED_AUTOS = YES_AGGRESSIVE;
				GCC_WARN_UNUSED_FUNCTION = YES;
				GCC_WARN_UNUSED_VARIABLE = YES;
				IPHONEOS_DEPLOYMENT_TARGET = 16.4;
				MTL_ENABLE_DEBUG_INFO = NO;
				MTL_FAST_MATH = YES;
				SDKROOT = iphoneos;
				SWIFT_COMPILATION_MODE = wholemodule;
				SWIFT_OPTIMIZATION_LEVEL = "-O";
				VALIDATE_PRODUCT = YES;
			};
			name = Release;
		};
		78522F0F2A0ADC5D006809B4 /* Debug */ = {
			isa = XCBuildConfiguration;
			buildSettings = {
				ASSETCATALOG_COMPILER_APPICON_NAME = AppIcon;
				ASSETCATALOG_COMPILER_GLOBAL_ACCENT_COLOR_NAME = AccentColor;
				CODE_SIGN_STYLE = Automatic;
				CURRENT_PROJECT_VERSION = 1;
				DEVELOPMENT_ASSET_PATHS = "\"Offseason/Preview Content\"";
				DEVELOPMENT_TEAM = 73U243ADJK;
				ENABLE_PREVIEWS = YES;
				GENERATE_INFOPLIST_FILE = YES;
				INFOPLIST_KEY_UIApplicationSceneManifest_Generation = YES;
				INFOPLIST_KEY_UIApplicationSupportsIndirectInputEvents = YES;
				INFOPLIST_KEY_UILaunchScreen_Generation = YES;
				INFOPLIST_KEY_UISupportedInterfaceOrientations_iPad = "UIInterfaceOrientationPortrait UIInterfaceOrientationPortraitUpsideDown UIInterfaceOrientationLandscapeLeft UIInterfaceOrientationLandscapeRight";
				INFOPLIST_KEY_UISupportedInterfaceOrientations_iPhone = "UIInterfaceOrientationPortrait UIInterfaceOrientationLandscapeLeft UIInterfaceOrientationLandscapeRight";
				LD_RUNPATH_SEARCH_PATHS = (
					"$(inherited)",
					"@executable_path/Frameworks",
				);
				MARKETING_VERSION = 1.0;
				PRODUCT_BUNDLE_IDENTIFIER = com.academy.Offseason;
				PRODUCT_NAME = "$(TARGET_NAME)";
				SWIFT_EMIT_LOC_STRINGS = YES;
				SWIFT_VERSION = 5.0;
				TARGETED_DEVICE_FAMILY = "1,2";
			};
			name = Debug;
		};
		78522F102A0ADC5D006809B4 /* Release */ = {
			isa = XCBuildConfiguration;
			buildSettings = {
				ASSETCATALOG_COMPILER_APPICON_NAME = AppIcon;
				ASSETCATALOG_COMPILER_GLOBAL_ACCENT_COLOR_NAME = AccentColor;
				CODE_SIGN_STYLE = Automatic;
				CURRENT_PROJECT_VERSION = 1;
				DEVELOPMENT_ASSET_PATHS = "\"Offseason/Preview Content\"";
				DEVELOPMENT_TEAM = 73U243ADJK;
				ENABLE_PREVIEWS = YES;
				GENERATE_INFOPLIST_FILE = YES;
				INFOPLIST_KEY_UIApplicationSceneManifest_Generation = YES;
				INFOPLIST_KEY_UIApplicationSupportsIndirectInputEvents = YES;
				INFOPLIST_KEY_UILaunchScreen_Generation = YES;
				INFOPLIST_KEY_UISupportedInterfaceOrientations_iPad = "UIInterfaceOrientationPortrait UIInterfaceOrientationPortraitUpsideDown UIInterfaceOrientationLandscapeLeft UIInterfaceOrientationLandscapeRight";
				INFOPLIST_KEY_UISupportedInterfaceOrientations_iPhone = "UIInterfaceOrientationPortrait UIInterfaceOrientationLandscapeLeft UIInterfaceOrientationLandscapeRight";
				LD_RUNPATH_SEARCH_PATHS = (
					"$(inherited)",
					"@executable_path/Frameworks",
				);
				MARKETING_VERSION = 1.0;
				PRODUCT_BUNDLE_IDENTIFIER = com.academy.Offseason;
				PRODUCT_NAME = "$(TARGET_NAME)";
				SWIFT_EMIT_LOC_STRINGS = YES;
				SWIFT_VERSION = 5.0;
				TARGETED_DEVICE_FAMILY = "1,2";
			};
			name = Release;
		};
		78522F122A0ADC5D006809B4 /* Debug */ = {
			isa = XCBuildConfiguration;
			buildSettings = {
				ALWAYS_EMBED_SWIFT_STANDARD_LIBRARIES = YES;
				BUNDLE_LOADER = "$(TEST_HOST)";
				CODE_SIGN_STYLE = Automatic;
				CURRENT_PROJECT_VERSION = 1;
				DEVELOPMENT_TEAM = 73U243ADJK;
				GENERATE_INFOPLIST_FILE = YES;
				IPHONEOS_DEPLOYMENT_TARGET = 16.4;
				MARKETING_VERSION = 1.0;
				PRODUCT_BUNDLE_IDENTIFIER = com.academy.OffseasonTests;
				PRODUCT_NAME = "$(TARGET_NAME)";
				SWIFT_EMIT_LOC_STRINGS = NO;
				SWIFT_VERSION = 5.0;
				TARGETED_DEVICE_FAMILY = "1,2";
				TEST_HOST = "$(BUILT_PRODUCTS_DIR)/Offseason.app/$(BUNDLE_EXECUTABLE_FOLDER_PATH)/Offseason";
			};
			name = Debug;
		};
		78522F132A0ADC5D006809B4 /* Release */ = {
			isa = XCBuildConfiguration;
			buildSettings = {
				ALWAYS_EMBED_SWIFT_STANDARD_LIBRARIES = YES;
				BUNDLE_LOADER = "$(TEST_HOST)";
				CODE_SIGN_STYLE = Automatic;
				CURRENT_PROJECT_VERSION = 1;
				DEVELOPMENT_TEAM = 73U243ADJK;
				GENERATE_INFOPLIST_FILE = YES;
				IPHONEOS_DEPLOYMENT_TARGET = 16.4;
				MARKETING_VERSION = 1.0;
				PRODUCT_BUNDLE_IDENTIFIER = com.academy.OffseasonTests;
				PRODUCT_NAME = "$(TARGET_NAME)";
				SWIFT_EMIT_LOC_STRINGS = NO;
				SWIFT_VERSION = 5.0;
				TARGETED_DEVICE_FAMILY = "1,2";
				TEST_HOST = "$(BUILT_PRODUCTS_DIR)/Offseason.app/$(BUNDLE_EXECUTABLE_FOLDER_PATH)/Offseason";
			};
			name = Release;
		};
		78522F152A0ADC5D006809B4 /* Debug */ = {
			isa = XCBuildConfiguration;
			buildSettings = {
				ALWAYS_EMBED_SWIFT_STANDARD_LIBRARIES = YES;
				CODE_SIGN_STYLE = Automatic;
				CURRENT_PROJECT_VERSION = 1;
				DEVELOPMENT_TEAM = 73U243ADJK;
				GENERATE_INFOPLIST_FILE = YES;
				MARKETING_VERSION = 1.0;
				PRODUCT_BUNDLE_IDENTIFIER = com.academy.OffseasonUITests;
				PRODUCT_NAME = "$(TARGET_NAME)";
				SWIFT_EMIT_LOC_STRINGS = NO;
				SWIFT_VERSION = 5.0;
				TARGETED_DEVICE_FAMILY = "1,2";
				TEST_TARGET_NAME = Offseason;
			};
			name = Debug;
		};
		78522F162A0ADC5D006809B4 /* Release */ = {
			isa = XCBuildConfiguration;
			buildSettings = {
				ALWAYS_EMBED_SWIFT_STANDARD_LIBRARIES = YES;
				CODE_SIGN_STYLE = Automatic;
				CURRENT_PROJECT_VERSION = 1;
				DEVELOPMENT_TEAM = 73U243ADJK;
				GENERATE_INFOPLIST_FILE = YES;
				MARKETING_VERSION = 1.0;
				PRODUCT_BUNDLE_IDENTIFIER = com.academy.OffseasonUITests;
				PRODUCT_NAME = "$(TARGET_NAME)";
				SWIFT_EMIT_LOC_STRINGS = NO;
				SWIFT_VERSION = 5.0;
				TARGETED_DEVICE_FAMILY = "1,2";
				TEST_TARGET_NAME = Offseason;
			};
			name = Release;
		};
/* End XCBuildConfiguration section */

/* Begin XCConfigurationList section */
		78522EE52A0ADC5B006809B4 /* Build configuration list for PBXProject "Offseason" */ = {
			isa = XCConfigurationList;
			buildConfigurations = (
				78522F0C2A0ADC5D006809B4 /* Debug */,
				78522F0D2A0ADC5D006809B4 /* Release */,
			);
			defaultConfigurationIsVisible = 0;
			defaultConfigurationName = Release;
		};
		78522F0E2A0ADC5D006809B4 /* Build configuration list for PBXNativeTarget "Offseason" */ = {
			isa = XCConfigurationList;
			buildConfigurations = (
				78522F0F2A0ADC5D006809B4 /* Debug */,
				78522F102A0ADC5D006809B4 /* Release */,
			);
			defaultConfigurationIsVisible = 0;
			defaultConfigurationName = Release;
		};
		78522F112A0ADC5D006809B4 /* Build configuration list for PBXNativeTarget "OffseasonTests" */ = {
			isa = XCConfigurationList;
			buildConfigurations = (
				78522F122A0ADC5D006809B4 /* Debug */,
				78522F132A0ADC5D006809B4 /* Release */,
			);
			defaultConfigurationIsVisible = 0;
			defaultConfigurationName = Release;
		};
		78522F142A0ADC5D006809B4 /* Build configuration list for PBXNativeTarget "OffseasonUITests" */ = {
			isa = XCConfigurationList;
			buildConfigurations = (
				78522F152A0ADC5D006809B4 /* Debug */,
				78522F162A0ADC5D006809B4 /* Release */,
			);
			defaultConfigurationIsVisible = 0;
			defaultConfigurationName = Release;
		};
/* End XCConfigurationList section */
	};
	rootObject = 78522EE22A0ADC5B006809B4 /* Project object */;
}
